
Microsoft Visual Studio Solution File, Format Version 12.00
# Visual Studio Version 16
VisualStudioVersion = 16.0.31410.357
MinimumVisualStudioVersion = 10.0.40219.1
Project("{FAE04EC0-301F-11D3-BF4B-00C04F79EFBC}") = "ReciPie.Android", "ReciPie.Android\ReciPie.Android.csproj", "{DA701B75-FEF7-4EDD-934B-510C2BDA1627}"
EndProject
Project("{FAE04EC0-301F-11D3-BF4B-00C04F79EFBC}") = "ReciPie", "ReciPie\ReciPie.csproj", "{61057330-BF94-4C47-A3BC-494BD48217E6}"
EndProject
Global
	GlobalSection(SolutionConfigurationPlatforms) = preSolution
		Debug|Any CPU = Debug|Any CPU
		Release|Any CPU = Release|Any CPU
	EndGlobalSection
	GlobalSection(ProjectConfigurationPlatforms) = postSolution
		{DA701B75-FEF7-4EDD-934B-510C2BDA1627}.Debug|Any CPU.ActiveCfg = Debug|Any CPU
		{DA701B75-FEF7-4EDD-934B-510C2BDA1627}.Debug|Any CPU.Build.0 = Debug|Any CPU
		{DA701B75-FEF7-4EDD-934B-510C2BDA1627}.Debug|Any CPU.Deploy.0 = Debug|Any CPU
		{DA701B75-FEF7-4EDD-934B-510C2BDA1627}.Release|Any CPU.ActiveCfg = Release|Any CPU
		{DA701B75-FEF7-4EDD-934B-510C2BDA1627}.Release|Any CPU.Build.0 = Release|Any CPU
		{DA701B75-FEF7-4EDD-934B-510C2BDA1627}.Release|Any CPU.Deploy.0 = Release|Any CPU
		{61057330-BF94-4C47-A3BC-494BD48217E6}.Debug|Any CPU.ActiveCfg = Debug|Any CPU
		{61057330-BF94-4C47-A3BC-494BD48217E6}.Debug|Any CPU.Build.0 = Debug|Any CPU
		{61057330-BF94-4C47-A3BC-494BD48217E6}.Debug|Any CPU.Deploy.0 = Debug|Any CPU
		{61057330-BF94-4C47-A3BC-494BD48217E6}.Release|Any CPU.ActiveCfg = Release|Any CPU
		{61057330-BF94-4C47-A3BC-494BD48217E6}.Release|Any CPU.Build.0 = Release|Any CPU
		{61057330-BF94-4C47-A3BC-494BD48217E6}.Release|Any CPU.Deploy.0 = Release|Any CPU
	EndGlobalSection
	GlobalSection(SolutionProperties) = preSolution
		HideSolutionNode = FALSE
	EndGlobalSection
	GlobalSection(ExtensibilityGlobals) = postSolution
		SolutionGuid = {E5F4B55A-185B-4FAD-8597-7055F00220CD}
	EndGlobalSection
EndGlobal
